{
  "requires": true,
  "lockfileVersion": 1,
  "dependencies": {
    "@babel/runtime": {
      "version": "7.12.1",
      "resolved": "https://registry.npmjs.org/@babel/runtime/-/runtime-7.12.1.tgz",
      "integrity": "sha512-J5AIf3vPj3UwXaAzb5j1xM4WAQDX3EMgemF8rjCP3SoW09LfRKAXQKt6CoVYl230P6iWdRcBbnLDDdnqWxZSCA==",
      "requires": {
        "regenerator-runtime": "^0.13.4"
      }
    },
    "@jimp/bmp": {
      "version": "0.16.1",
      "resolved": "https://registry.npmjs.org/@jimp/bmp/-/bmp-0.16.1.tgz",
      "integrity": "sha512-iwyNYQeBawrdg/f24x3pQ5rEx+/GwjZcCXd3Kgc+ZUd+Ivia7sIqBsOnDaMZdKCBPlfW364ekexnlOqyVa0NWg==",
      "requires": {
        "@babel/runtime": "^7.7.2",
        "@jimp/utils": "^0.16.1",
        "bmp-js": "^0.1.0"
      }
    },
    "@jimp/core": {
      "version": "0.16.1",
      "resolved": "https://registry.npmjs.org/@jimp/core/-/core-0.16.1.tgz",
      "integrity": "sha512-la7kQia31V6kQ4q1kI/uLimu8FXx7imWVajDGtwUG8fzePLWDFJyZl0fdIXVCL1JW2nBcRHidUot6jvlRDi2+g==",
      "requires": {
        "@babel/runtime": "^7.7.2",
        "@jimp/utils": "^0.16.1",
        "any-base": "^1.1.0",
        "buffer": "^5.2.0",
        "exif-parser": "^0.1.12",
        "file-type": "^9.0.0",
        "load-bmfont": "^1.3.1",
        "mkdirp": "^0.5.1",
        "phin": "^2.9.1",
        "pixelmatch": "^4.0.2",
        "tinycolor2": "^1.4.1"
      }
    },
    "@jimp/custom": {
      "version": "0.16.1",
      "resolved": "https://registry.npmjs.org/@jimp/custom/-/custom-0.16.1.tgz",
      "integrity": "sha512-DNUAHNSiUI/j9hmbatD6WN/EBIyeq4AO0frl5ETtt51VN1SvE4t4v83ZA/V6ikxEf3hxLju4tQ5Pc3zmZkN/3A==",
      "requires": {
        "@babel/runtime": "^7.7.2",
        "@jimp/core": "^0.16.1"
      }
    },
    "@jimp/gif": {
      "version": "0.16.1",
      "resolved": "https://registry.npmjs.org/@jimp/gif/-/gif-0.16.1.tgz",
      "integrity": "sha512-r/1+GzIW1D5zrP4tNrfW+3y4vqD935WBXSc8X/wm23QTY9aJO9Lw6PEdzpYCEY+SOklIFKaJYUAq/Nvgm/9ryw==",
      "requires": {
        "@babel/runtime": "^7.7.2",
        "@jimp/utils": "^0.16.1",
        "gifwrap": "^0.9.2",
        "omggif": "^1.0.9"
      }
    },
    "@jimp/jpeg": {
      "version": "0.16.1",
      "resolved": "https://registry.npmjs.org/@jimp/jpeg/-/jpeg-0.16.1.tgz",
      "integrity": "sha512-8352zrdlCCLFdZ/J+JjBslDvml+fS3Z8gttdml0We759PnnZGqrnPRhkOEOJbNUlE+dD4ckLeIe6NPxlS/7U+w==",
      "requires": {
        "@babel/runtime": "^7.7.2",
        "@jimp/utils": "^0.16.1",
        "jpeg-js": "0.4.2"
      }
    },
    "@jimp/plugin-resize": {
      "version": "0.16.1",
      "resolved": "https://registry.npmjs.org/@jimp/plugin-resize/-/plugin-resize-0.16.1.tgz",
      "integrity": "sha512-u4JBLdRI7dargC04p2Ha24kofQBk3vhaf0q8FwSYgnCRwxfvh2RxvhJZk9H7Q91JZp6wgjz/SjvEAYjGCEgAwQ==",
      "requires": {
        "@babel/runtime": "^7.7.2",
        "@jimp/utils": "^0.16.1"
      }
    },
    "@jimp/png": {
      "version": "0.16.1",
      "resolved": "https://registry.npmjs.org/@jimp/png/-/png-0.16.1.tgz",
      "integrity": "sha512-iyWoCxEBTW0OUWWn6SveD4LePW89kO7ZOy5sCfYeDM/oTPLpR8iMIGvZpZUz1b8kvzFr27vPst4E5rJhGjwsdw==",
      "requires": {
        "@babel/runtime": "^7.7.2",
        "@jimp/utils": "^0.16.1",
        "pngjs": "^3.3.3"
      }
    },
    "@jimp/tiff": {
      "version": "0.16.1",
      "resolved": "https://registry.npmjs.org/@jimp/tiff/-/tiff-0.16.1.tgz",
      "integrity": "sha512-3K3+xpJS79RmSkAvFMgqY5dhSB+/sxhwTFA9f4AVHUK0oKW+u6r52Z1L0tMXHnpbAdR9EJ+xaAl2D4x19XShkQ==",
      "requires": {
        "@babel/runtime": "^7.7.2",
        "utif": "^2.0.1"
      }
    },
    "@jimp/types": {
      "version": "0.16.1",
      "resolved": "https://registry.npmjs.org/@jimp/types/-/types-0.16.1.tgz",
      "integrity": "sha512-g1w/+NfWqiVW4CaXSJyD28JQqZtm2eyKMWPhBBDCJN9nLCN12/Az0WFF3JUAktzdsEC2KRN2AqB1a2oMZBNgSQ==",
      "requires": {
        "@babel/runtime": "^7.7.2",
        "@jimp/bmp": "^0.16.1",
        "@jimp/gif": "^0.16.1",
        "@jimp/jpeg": "^0.16.1",
        "@jimp/png": "^0.16.1",
        "@jimp/tiff": "^0.16.1",
        "timm": "^1.6.1"
      }
    },
    "@jimp/utils": {
      "version": "0.16.1",
      "resolved": "https://registry.npmjs.org/@jimp/utils/-/utils-0.16.1.tgz",
      "integrity": "sha512-8fULQjB0x4LzUSiSYG6ZtQl355sZjxbv8r9PPAuYHzS9sGiSHJQavNqK/nKnpDsVkU88/vRGcE7t3nMU0dEnVw==",
      "requires": {
        "@babel/runtime": "^7.7.2",
        "regenerator-runtime": "^0.13.3"
      }
    },
    "@types/node": {
      "version": "10.17.42",
      "resolved": "https://registry.npmjs.org/@types/node/-/node-10.17.42.tgz",
      "integrity": "sha512-HElxYF7C/MSkuvlaHB2c+82zhXiuO49Cq056Dol8AQuTph7oJtduo2n6J8rFa+YhJyNgQ/Lm20ZaxqD0vxU0+Q=="
    },
    "@vibrant/color": {
      "version": "3.2.1-alpha.1",
      "resolved": "https://registry.npmjs.org/@vibrant/color/-/color-3.2.1-alpha.1.tgz",
      "integrity": "sha512-cvm+jAPwao2NerTr3d1JttYyLhp3eD/AQBeevxF7KT6HctToWZCwr2AeTr003/wKgbjzdOV1qySnbyOeu+R+Jw=="
    },
    "@vibrant/core": {
      "version": "3.2.1-alpha.1",
      "resolved": "https://registry.npmjs.org/@vibrant/core/-/core-3.2.1-alpha.1.tgz",
      "integrity": "sha512-X9Oa9WfPEQnZ6L+5dLRlh+IlsxJkYTw9b/g3stFKoNXbVRKCeXHmH48l7jIBBOg3VcXOGUdsYBqsTwPNkIveaA==",
      "requires": {
        "@vibrant/color": "^3.2.1-alpha.1",
        "@vibrant/generator": "^3.2.1-alpha.1",
        "@vibrant/image": "^3.2.1-alpha.1",
        "@vibrant/quantizer": "^3.2.1-alpha.1",
        "@vibrant/types": "^3.2.1-alpha.1",
        "@vibrant/worker": "^3.2.1-alpha.1"
      }
    },
    "@vibrant/generator": {
      "version": "3.2.1-alpha.1",
      "resolved": "https://registry.npmjs.org/@vibrant/generator/-/generator-3.2.1-alpha.1.tgz",
      "integrity": "sha512-luS5YvMhwMqG01YTj1dJ+cmkuIw1VCByOR6zIaCOwQqI/mcOs88JBWcA1r2TywJTOPlVpjfnDvAlyaKBKh4dMA==",
      "requires": {
        "@vibrant/color": "^3.2.1-alpha.1",
        "@vibrant/types": "^3.2.1-alpha.1"
      }
    },
    "@vibrant/generator-default": {
      "version": "3.2.1-alpha.1",
      "resolved": "https://registry.npmjs.org/@vibrant/generator-default/-/generator-default-3.2.1-alpha.1.tgz",
      "integrity": "sha512-BWnQhDaz92UhyHnpdAzKXHQecY+jvyMXtzjKYbveFxThm6+HVoLjwONlbck7oyOpFzV2OM7V11XuR85BxaHvjw==",
      "requires": {
        "@vibrant/color": "^3.2.1-alpha.1",
        "@vibrant/generator": "^3.2.1-alpha.1"
      }
    },
    "@vibrant/image": {
      "version": "3.2.1-alpha.1",
      "resolved": "https://registry.npmjs.org/@vibrant/image/-/image-3.2.1-alpha.1.tgz",
      "integrity": "sha512-4aF5k79QfyhZOqRovJpbnIjWfe3uuWhY8voqVdd4/qgu4o70/AwVlM+pYmCaJVzI45VWNWWHYA5QlYuKsXnBqQ==",
      "requires": {
        "@vibrant/color": "^3.2.1-alpha.1",
        "@vibrant/types": "^3.2.1-alpha.1"
      }
    },
    "@vibrant/image-browser": {
      "version": "3.2.1-alpha.1",
      "resolved": "https://registry.npmjs.org/@vibrant/image-browser/-/image-browser-3.2.1-alpha.1.tgz",
      "integrity": "sha512-6xWvQfB20sE6YtCWylgEAHuee3iD8h3aFIDbCS2yj7jIelKcYTrrp5jg2d2BhOOB6pC5JzF+QfpCrm0DmAIlgQ==",
      "requires": {
        "@vibrant/image": "^3.2.1-alpha.1"
      }
    },
    "@vibrant/image-node": {
      "version": "3.2.1-alpha.1",
      "resolved": "https://registry.npmjs.org/@vibrant/image-node/-/image-node-3.2.1-alpha.1.tgz",
      "integrity": "sha512-/Io/Rpo4EkO6AhaXdcxUXkbOFhSFtjm0LSAM4c0AyGA5EbC8PyZqjk8b11bQAEMCaYaweFQfTdGD7oVbXe21CQ==",
      "requires": {
        "@jimp/custom": "^0.16.1",
        "@jimp/plugin-resize": "^0.16.1",
        "@jimp/types": "^0.16.1",
        "@vibrant/image": "^3.2.1-alpha.1"
      }
    },
    "@vibrant/quantizer": {
      "version": "3.2.1-alpha.1",
      "resolved": "https://registry.npmjs.org/@vibrant/quantizer/-/quantizer-3.2.1-alpha.1.tgz",
      "integrity": "sha512-iHnPx/+n4iLtYLm1GClSfyg2fFbMatFG0ipCyp9M6tXNIPAg+pSvUJSGBnVnH7Nl/bR8Gkkj1h0pJ4RsKcdIrQ==",
      "requires": {
        "@vibrant/color": "^3.2.1-alpha.1",
        "@vibrant/image": "^3.2.1-alpha.1",
        "@vibrant/types": "^3.2.1-alpha.1"
      }
    },
    "@vibrant/quantizer-mmcq": {
      "version": "3.2.1-alpha.1",
      "resolved": "https://registry.npmjs.org/@vibrant/quantizer-mmcq/-/quantizer-mmcq-3.2.1-alpha.1.tgz",
      "integrity": "sha512-Wuk9PTZtxr8qsWTcgP6lcrrmrq36syVwxf+BUxdgQYntBcQ053SaN34lVGOJ0WPdK5vABoxbYljhceCgiILtZw==",
      "requires": {
        "@vibrant/color": "^3.2.1-alpha.1",
        "@vibrant/image": "^3.2.1-alpha.1",
        "@vibrant/quantizer": "^3.2.1-alpha.1"
      }
    },
    "@vibrant/types": {
      "version": "3.2.1-alpha.1",
      "resolved": "https://registry.npmjs.org/@vibrant/types/-/types-3.2.1-alpha.1.tgz",
      "integrity": "sha512-ts9u7nsrENoYI5s0MmPOeY5kCLFKvQndKVDOPFCbTA0z493uhDp8mpiQhjFYTf3kPbS04z9zbHLE2luFC7x4KQ=="
    },
    "@vibrant/worker": {
      "version": "3.2.1-alpha.1",
      "resolved": "https://registry.npmjs.org/@vibrant/worker/-/worker-3.2.1-alpha.1.tgz",
      "integrity": "sha512-mtSlBdHkFNr4FOnMtqtHJxy9z5AsUcZzGlpiHzvWOoaoN9lNTDPwxOBd0q4VTYWuGPrIm6Fuq5m7aRbLv7KqiQ==",
      "requires": {
        "@vibrant/types": "^3.2.1-alpha.1"
      }
    },
    "any-base": {
      "version": "1.1.0",
      "resolved": "https://registry.npmjs.org/any-base/-/any-base-1.1.0.tgz",
      "integrity": "sha512-uMgjozySS8adZZYePpaWs8cxB9/kdzmpX6SgJZ+wbz1K5eYk5QMYDVJaZKhxyIHUdnnJkfR7SVgStgH7LkGUyg=="
    },
    "axios": {
      "version": "0.21.0",
      "resolved": "https://registry.npmjs.org/axios/-/axios-0.21.0.tgz",
      "integrity": "sha512-fmkJBknJKoZwem3/IKSSLpkdNXZeBu5Q7GA/aRsr2btgrptmSCxi2oFjZHqGdK9DoTil9PIHlPIZw2EcRJXRvw==",
      "requires": {
        "follow-redirects": "^1.10.0"
      }
    },
    "base64-js": {
      "version": "1.3.1",
      "resolved": "https://registry.npmjs.org/base64-js/-/base64-js-1.3.1.tgz",
      "integrity": "sha512-mLQ4i2QO1ytvGWFWmcngKO//JXAQueZvwEKtjgQFM4jIK0kU+ytMfplL8j+n5mspOfjHwoAg+9yhb7BwAHm36g=="
    },
    "bmp-js": {
      "version": "0.1.0",
      "resolved": "https://registry.npmjs.org/bmp-js/-/bmp-js-0.1.0.tgz",
      "integrity": "sha1-4Fpj95amwf8l9Hcex62twUjAcjM="
    },
    "buffer": {
      "version": "5.6.1",
      "resolved": "https://registry.npmjs.org/buffer/-/buffer-5.6.1.tgz",
      "integrity": "sha512-2z15UUHpS9/3tk9mY/q+Rl3rydOi7yMp5XWNQnRvoz+mJwiv8brqYwp9a+nOCtma6dwuEIxljD8W3ysVBZ05Vg==",
      "requires": {
        "base64-js": "^1.3.1",
        "ieee754": "^1.1.13"
      }
    },
    "buffer-equal": {
      "version": "0.0.1",
      "resolved": "https://registry.npmjs.org/buffer-equal/-/buffer-equal-0.0.1.tgz",
      "integrity": "sha1-kbx0sR6kBbyRa8aqkI+q+ltKrEs="
    },
    "buffer-writer": {
      "version": "2.0.0",
      "resolved": "https://registry.npmjs.org/buffer-writer/-/buffer-writer-2.0.0.tgz",
      "integrity": "sha512-a7ZpuTZU1TRtnwyCNW3I5dc0wWNC3VR9S++Ewyk2HHZdrO3CQJqSpd+95Us590V6AL7JqUAH2IwZ/398PmNFgw=="
    },
    "chrono-node": {
      "version": "2.1.9",
      "resolved": "https://registry.npmjs.org/chrono-node/-/chrono-node-2.1.9.tgz",
      "integrity": "sha512-J/raqffbgGG6qAlWQx5huyUE43xsnS9WssqnbXvlfJWBvog9C5ayum3GFaTHRmk3Iy8Wq8dw/VbakCZQyi0+AQ==",
      "requires": {
        "dayjs": "^1.8.29"
      }
    },
    "dayjs": {
      "version": "1.9.4",
      "resolved": "https://registry.npmjs.org/dayjs/-/dayjs-1.9.4.tgz",
      "integrity": "sha512-ABSF3alrldf7nM9sQ2U+Ln67NRwmzlLOqG7kK03kck0mw3wlSSEKv/XhKGGxUjQcS57QeiCyNdrFgtj9nWlrng=="
    },
    "dom-walk": {
      "version": "0.1.2",
      "resolved": "https://registry.npmjs.org/dom-walk/-/dom-walk-0.1.2.tgz",
      "integrity": "sha512-6QvTW9mrGeIegrFXdtQi9pk7O/nSK6lSdXW2eqUspN5LWD7UTji2Fqw5V2YLjBpHEoU9Xl/eUWNpDeZvoyOv2w=="
    },
    "eris": {
      "version": "0.13.3",
      "resolved": "https://registry.npmjs.org/eris/-/eris-0.13.3.tgz",
      "integrity": "sha512-WBtLyknOWZpYZL9yPhez0oKUWvYpunSg43hGxawwjwSf3gFXmbEPYrT8KlmZXtpJnX16eQ7mzIq+MgSh3LarEg==",
      "requires": {
        "opusscript": "^0.0.7",
        "tweetnacl": "^1.0.1",
        "ws": "^7.2.1"
      }
    },
    "exif-parser": {
      "version": "0.1.12",
      "resolved": "https://registry.npmjs.org/exif-parser/-/exif-parser-0.1.12.tgz",
      "integrity": "sha1-WKnS1ywCwfbwKg70qRZicrd2CSI="
    },
    "file-type": {
      "version": "9.0.0",
      "resolved": "https://registry.npmjs.org/file-type/-/file-type-9.0.0.tgz",
      "integrity": "sha512-Qe/5NJrgIOlwijpq3B7BEpzPFcgzggOTagZmkXQY4LA6bsXKTUstK7Wp12lEJ/mLKTpvIZxmIuRcLYWT6ov9lw=="
    },
    "follow-redirects": {
      "version": "1.13.0",
      "resolved": "https://registry.npmjs.org/follow-redirects/-/follow-redirects-1.13.0.tgz",
      "integrity": "sha512-aq6gF1BEKje4a9i9+5jimNFIpq4Q1WiwBToeRK5NvZBd/TRsmW8BsJfOEGkr76TbOyPVD3OVDN910EcUNtRYEA=="
    },
    "gifwrap": {
      "version": "0.9.2",
      "resolved": "https://registry.npmjs.org/gifwrap/-/gifwrap-0.9.2.tgz",
      "integrity": "sha512-fcIswrPaiCDAyO8xnWvHSZdWChjKXUanKKpAiWWJ/UTkEi/aYKn5+90e7DE820zbEaVR9CE2y4z9bzhQijZ0BA==",
      "requires": {
        "image-q": "^1.1.1",
        "omggif": "^1.0.10"
      }
    },
    "global": {
      "version": "4.3.2",
      "resolved": "https://registry.npmjs.org/global/-/global-4.3.2.tgz",
      "integrity": "sha1-52mJJopsdMOJCLEwWxD8DjlOnQ8=",
      "requires": {
        "min-document": "^2.19.0",
        "process": "~0.5.1"
      }
    },
    "html-entities": {
      "version": "1.3.1",
      "resolved": "https://registry.npmjs.org/html-entities/-/html-entities-1.3.1.tgz",
      "integrity": "sha512-rhE/4Z3hIhzHAUKbW8jVcCyuT5oJCXXqhN/6mXXVCpzTmvJnoH2HL/bt3EZ6p55jbFJBeAe1ZNpL5BugLujxNA=="
    },
    "ieee754": {
      "version": "1.1.13",
      "resolved": "https://registry.npmjs.org/ieee754/-/ieee754-1.1.13.tgz",
      "integrity": "sha512-4vf7I2LYV/HaWerSo3XmlMkp5eZ83i+/CDluXi/IGTs/O1sejBNhTtnxzmRZfvOUqj7lZjqHkeTvpgSFDlWZTg=="
    },
    "image-q": {
      "version": "1.1.1",
      "resolved": "https://registry.npmjs.org/image-q/-/image-q-1.1.1.tgz",
      "integrity": "sha1-/IQJlmRGC5DKhi2TALa/u7+/gFY="
    },
    "inherits": {
      "version": "2.0.4",
      "resolved": "https://registry.npmjs.org/inherits/-/inherits-2.0.4.tgz",
      "integrity": "sha512-k/vGaX4/Yla3WzyMCvTQOXYeIHvqOKtnqBduzTHpzpQZzAskKMhZ2K+EnBiSM9zGSoIFeMpXKxa4dYeZIQqewQ=="
    },
    "is-function": {
      "version": "1.0.2",
      "resolved": "https://registry.npmjs.org/is-function/-/is-function-1.0.2.tgz",
      "integrity": "sha512-lw7DUp0aWXYg+CBCN+JKkcE0Q2RayZnSvnZBlwgxHBQhqt5pZNVy4Ri7H9GmmXkdu7LUthszM+Tor1u/2iBcpQ=="
    },
    "jpeg-js": {
      "version": "0.4.2",
      "resolved": "https://registry.npmjs.org/jpeg-js/-/jpeg-js-0.4.2.tgz",
      "integrity": "sha512-+az2gi/hvex7eLTMTlbRLOhH6P6WFdk2ITI8HJsaH2VqYO0I594zXSYEP+tf4FW+8Cy68ScDXoAsQdyQanv3sw=="
    },
    "load-bmfont": {
      "version": "1.4.1",
      "resolved": "https://registry.npmjs.org/load-bmfont/-/load-bmfont-1.4.1.tgz",
      "integrity": "sha512-8UyQoYmdRDy81Brz6aLAUhfZLwr5zV0L3taTQ4hju7m6biuwiWiJXjPhBJxbUQJA8PrkvJ/7Enqmwk2sM14soA==",
      "requires": {
        "buffer-equal": "0.0.1",
        "mime": "^1.3.4",
        "parse-bmfont-ascii": "^1.0.3",
        "parse-bmfont-binary": "^1.0.5",
        "parse-bmfont-xml": "^1.1.4",
        "phin": "^2.9.1",
        "xhr": "^2.0.1",
        "xtend": "^4.0.0"
      }
    },
    "m3u8stream": {
      "version": "0.8.0",
      "resolved": "https://registry.npmjs.org/m3u8stream/-/m3u8stream-0.8.0.tgz",
      "integrity": "sha512-vvSjdkBPdDHzVr2M+aIXbnYys4zX6m3UzxMaxBJr1PpE0e/3sawkLD4EEmz/q9hv87bleotR70cOWR3UBMtskw==",
      "requires": {
        "miniget": "^2.0.1",
        "sax": "^1.2.4"
      }
    },
    "mime": {
      "version": "1.6.0",
      "resolved": "https://registry.npmjs.org/mime/-/mime-1.6.0.tgz",
      "integrity": "sha512-x0Vn8spI+wuJ1O6S7gnbaQg8Pxh4NNHb7KSINmEWKiPE4RKOplvijn+NkmYmmRgP68mc70j2EbeTFRsrswaQeg=="
    },
    "min-document": {
      "version": "2.19.0",
      "resolved": "https://registry.npmjs.org/min-document/-/min-document-2.19.0.tgz",
      "integrity": "sha1-e9KC4/WELtKVu3SM3Z8f+iyCRoU=",
      "requires": {
        "dom-walk": "^0.1.0"
      }
    },
    "miniget": {
      "version": "2.0.2",
      "resolved": "https://registry.npmjs.org/miniget/-/miniget-2.0.2.tgz",
      "integrity": "sha512-rUYQiHXVjisRIuEdvIQxXPsAKp9Gltz5JdLWA8a3c/5265f2bZudg5mGtWcox0HHxkw51v8od/jLsqyYlM8UBw=="
    },
    "minimist": {
      "version": "1.2.5",
      "resolved": "https://registry.npmjs.org/minimist/-/minimist-1.2.5.tgz",
      "integrity": "sha512-FM9nNUYrRBAELZQT3xeZQ7fmMOBg6nWNmJKTcgsJeaLstP/UODVpGsr5OhXhhXg6f+qtJ8uiZ+PUxkDWcgIXLw=="
    },
    "mkdirp": {
      "version": "0.5.5",
      "resolved": "https://registry.npmjs.org/mkdirp/-/mkdirp-0.5.5.tgz",
      "integrity": "sha512-NKmAlESf6jMGym1++R0Ra7wvhV+wFW63FaSOFPwRahvea0gMUcGUhVeAg/0BC0wiv9ih5NYPB1Wn1UEI1/L+xQ==",
      "requires": {
        "minimist": "^1.2.5"
      }
    },
    "node-vibrant": {
      "version": "3.2.1-alpha.1",
      "resolved": "https://registry.npmjs.org/node-vibrant/-/node-vibrant-3.2.1-alpha.1.tgz",
      "integrity": "sha512-EQergCp7fvbvUCE0VMCBnvaAV0lGWSP8SXLmuWQIBzQK5M5pIwcd9fIOXuzFkJx/8hUiiiLvAzzGDS/bIy2ikA==",
      "requires": {
        "@types/node": "^10.12.18",
        "@vibrant/core": "^3.2.1-alpha.1",
        "@vibrant/generator-default": "^3.2.1-alpha.1",
        "@vibrant/image-browser": "^3.2.1-alpha.1",
        "@vibrant/image-node": "^3.2.1-alpha.1",
        "@vibrant/quantizer-mmcq": "^3.2.1-alpha.1",
        "url": "^0.11.0"
      }
    },
    "omggif": {
      "version": "1.0.10",
      "resolved": "https://registry.npmjs.org/omggif/-/omggif-1.0.10.tgz",
      "integrity": "sha512-LMJTtvgc/nugXj0Vcrrs68Mn2D1r0zf630VNtqtpI1FEO7e+O9FP4gqs9AcnBaSEeoHIPm28u6qgPR0oyEpGSw=="
    },
    "opusscript": {
      "version": "0.0.7",
      "resolved": "https://registry.npmjs.org/opusscript/-/opusscript-0.0.7.tgz",
      "integrity": "sha512-DcBadTdYTUuH9zQtepsLjQn4Ll6rs3dmeFvN+SD0ThPnxRBRm/WC1zXWPg+wgAJimB784gdZvUMA57gDP7FdVg==",
      "optional": true
    },
    "packet-reader": {
      "version": "1.0.0",
      "resolved": "https://registry.npmjs.org/packet-reader/-/packet-reader-1.0.0.tgz",
      "integrity": "sha512-HAKu/fG3HpHFO0AA8WE8q2g+gBJaZ9MG7fcKk+IJPLTGAD6Psw4443l+9DGRbOIh3/aXr7Phy0TjilYivJo5XQ=="
    },
    "pako": {
      "version": "1.0.11",
      "resolved": "https://registry.npmjs.org/pako/-/pako-1.0.11.tgz",
      "integrity": "sha512-4hLB8Py4zZce5s4yd9XzopqwVv/yGNhV1Bl8NTmCq1763HeK2+EwVTv+leGeL13Dnh2wfbqowVPXCIO0z4taYw=="
    },
    "parse-bmfont-ascii": {
      "version": "1.0.6",
      "resolved": "https://registry.npmjs.org/parse-bmfont-ascii/-/parse-bmfont-ascii-1.0.6.tgz",
      "integrity": "sha1-Eaw8P/WPfCAgqyJ2kHkQjU36AoU="
    },
    "parse-bmfont-binary": {
      "version": "1.0.6",
      "resolved": "https://registry.npmjs.org/parse-bmfont-binary/-/parse-bmfont-binary-1.0.6.tgz",
      "integrity": "sha1-0Di0dtPp3Z2x4RoLDlOiJ5K2kAY="
    },
    "parse-bmfont-xml": {
      "version": "1.1.4",
      "resolved": "https://registry.npmjs.org/parse-bmfont-xml/-/parse-bmfont-xml-1.1.4.tgz",
      "integrity": "sha512-bjnliEOmGv3y1aMEfREMBJ9tfL3WR0i0CKPj61DnSLaoxWR3nLrsQrEbCId/8rF4NyRF0cCqisSVXyQYWM+mCQ==",
      "requires": {
        "xml-parse-from-string": "^1.0.0",
        "xml2js": "^0.4.5"
      }
    },
    "parse-headers": {
      "version": "2.0.3",
      "resolved": "https://registry.npmjs.org/parse-headers/-/parse-headers-2.0.3.tgz",
      "integrity": "sha512-QhhZ+DCCit2Coi2vmAKbq5RGTRcQUOE2+REgv8vdyu7MnYx2eZztegqtTx99TZ86GTIwqiy3+4nQTWZ2tgmdCA=="
    },
    "pg": {
      "version": "8.4.1",
      "resolved": "https://registry.npmjs.org/pg/-/pg-8.4.1.tgz",
      "integrity": "sha512-NRsH0aGMXmX1z8Dd0iaPCxWUw4ffu+lIAmGm+sTCwuDDWkpEgRCAHZYDwqaNhC5hG5DRMOjSUFasMWhvcmLN1A==",
      "requires": {
        "buffer-writer": "2.0.0",
        "packet-reader": "1.0.0",
        "pg-connection-string": "^2.4.0",
        "pg-pool": "^3.2.1",
        "pg-protocol": "^1.3.0",
        "pg-types": "^2.1.0",
        "pgpass": "1.x"
      }
    },
    "pg-connection-string": {
      "version": "2.4.0",
      "resolved": "https://registry.npmjs.org/pg-connection-string/-/pg-connection-string-2.4.0.tgz",
      "integrity": "sha512-3iBXuv7XKvxeMrIgym7njT+HlZkwZqqGX4Bu9cci8xHZNT+Um1gWKqCsAzcC0d95rcKMU5WBg6YRUcHyV0HZKQ=="
    },
    "pg-int8": {
      "version": "1.0.1",
      "resolved": "https://registry.npmjs.org/pg-int8/-/pg-int8-1.0.1.tgz",
      "integrity": "sha512-WCtabS6t3c8SkpDBUlb1kjOs7l66xsGdKpIPZsg4wR+B3+u9UAum2odSsF9tnvxg80h4ZxLWMy4pRjOsFIqQpw=="
    },
    "pg-pool": {
      "version": "3.2.1",
      "resolved": "https://registry.npmjs.org/pg-pool/-/pg-pool-3.2.1.tgz",
      "integrity": "sha512-BQDPWUeKenVrMMDN9opfns/kZo4lxmSWhIqo+cSAF7+lfi9ZclQbr9vfnlNaPr8wYF3UYjm5X0yPAhbcgqNOdA=="
    },
    "pg-protocol": {
      "version": "1.3.0",
      "resolved": "https://registry.npmjs.org/pg-protocol/-/pg-protocol-1.3.0.tgz",
      "integrity": "sha512-64/bYByMrhWULUaCd+6/72c9PMWhiVFs3EVxl9Ct6a3v/U8+rKgqP2w+kKg/BIGgMJyB+Bk/eNivT32Al+Jghw=="
    },
    "pg-types": {
      "version": "2.2.0",
      "resolved": "https://registry.npmjs.org/pg-types/-/pg-types-2.2.0.tgz",
      "integrity": "sha512-qTAAlrEsl8s4OiEQY69wDvcMIdQN6wdz5ojQiOy6YRMuynxenON0O5oCpJI6lshc6scgAY8qvJ2On/p+CXY0GA==",
      "requires": {
        "pg-int8": "1.0.1",
        "postgres-array": "~2.0.0",
        "postgres-bytea": "~1.0.0",
        "postgres-date": "~1.0.4",
        "postgres-interval": "^1.1.0"
      }
    },
    "pgpass": {
      "version": "1.0.4",
      "resolved": "https://registry.npmjs.org/pgpass/-/pgpass-1.0.4.tgz",
      "integrity": "sha512-YmuA56alyBq7M59vxVBfPJrGSozru8QAdoNlWuW3cz8l+UX3cWge0vTvjKhsSHSJpo3Bom8/Mm6hf0TR5GY0+w==",
      "requires": {
        "split2": "^3.1.1"
      }
    },
    "phin": {
      "version": "2.9.3",
      "resolved": "https://registry.npmjs.org/phin/-/phin-2.9.3.tgz",
      "integrity": "sha512-CzFr90qM24ju5f88quFC/6qohjC144rehe5n6DH900lgXmUe86+xCKc10ev56gRKC4/BkHUoG4uSiQgBiIXwDA=="
    },
    "pixelmatch": {
      "version": "4.0.2",
      "resolved": "https://registry.npmjs.org/pixelmatch/-/pixelmatch-4.0.2.tgz",
      "integrity": "sha1-j0fc7FARtHe2fbA8JDvB8wheiFQ=",
      "requires": {
        "pngjs": "^3.0.0"
      }
    },
    "pngjs": {
      "version": "3.4.0",
      "resolved": "https://registry.npmjs.org/pngjs/-/pngjs-3.4.0.tgz",
      "integrity": "sha512-NCrCHhWmnQklfH4MtJMRjZ2a8c80qXeMlQMv2uVp9ISJMTt562SbGd6n2oq0PaPgKm7Z6pL9E2UlLIhC+SHL3w=="
    },
    "postgres-array": {
      "version": "2.0.0",
      "resolved": "https://registry.npmjs.org/postgres-array/-/postgres-array-2.0.0.tgz",
      "integrity": "sha512-VpZrUqU5A69eQyW2c5CA1jtLecCsN2U/bD6VilrFDWq5+5UIEVO7nazS3TEcHf1zuPYO/sqGvUvW62g86RXZuA=="
    },
    "postgres-bytea": {
      "version": "1.0.0",
      "resolved": "https://registry.npmjs.org/postgres-bytea/-/postgres-bytea-1.0.0.tgz",
      "integrity": "sha1-AntTPAqokOJtFy1Hz5zOzFIazTU="
    },
    "postgres-date": {
      "version": "1.0.7",
      "resolved": "https://registry.npmjs.org/postgres-date/-/postgres-date-1.0.7.tgz",
      "integrity": "sha512-suDmjLVQg78nMK2UZ454hAG+OAW+HQPZ6n++TNDUX+L0+uUlLywnoxJKDou51Zm+zTCjrCl0Nq6J9C5hP9vK/Q=="
    },
    "postgres-interval": {
      "version": "1.2.0",
      "resolved": "https://registry.npmjs.org/postgres-interval/-/postgres-interval-1.2.0.tgz",
      "integrity": "sha512-9ZhXKM/rw350N1ovuWHbGxnGh/SNJ4cnxHiM0rxE4VN41wsg8P8zWn9hv/buK00RP4WvlOyr/RBDiptyxVbkZQ==",
      "requires": {
        "xtend": "^4.0.0"
      }
    },
    "process": {
      "version": "0.5.2",
      "resolved": "https://registry.npmjs.org/process/-/process-0.5.2.tgz",
      "integrity": "sha1-FjjYqONML0QKkduVq5rrZ3/Bhc8="
    },
    "punycode": {
      "version": "1.3.2",
      "resolved": "https://registry.npmjs.org/punycode/-/punycode-1.3.2.tgz",
      "integrity": "sha1-llOgNvt8HuQjQvIyXM7v6jkmxI0="
    },
    "querystring": {
      "version": "0.2.0",
      "resolved": "https://registry.npmjs.org/querystring/-/querystring-0.2.0.tgz",
      "integrity": "sha1-sgmEkgO7Jd+CDadW50cAWHhSFiA="
    },
    "readable-stream": {
      "version": "3.6.0",
      "resolved": "https://registry.npmjs.org/readable-stream/-/readable-stream-3.6.0.tgz",
      "integrity": "sha512-BViHy7LKeTz4oNnkcLJ+lVSL6vpiFeX6/d3oSH8zCW7UxP2onchk+vTGB143xuFjHS3deTgkKoXXymXqymiIdA==",
      "requires": {
        "inherits": "^2.0.3",
        "string_decoder": "^1.1.1",
        "util-deprecate": "^1.0.1"
      }
    },
    "regenerator-runtime": {
      "version": "0.13.7",
      "resolved": "https://registry.npmjs.org/regenerator-runtime/-/regenerator-runtime-0.13.7.tgz",
      "integrity": "sha512-a54FxoJDIr27pgf7IgeQGxmqUNYrcV338lf/6gH456HZ/PhX+5BcwHXG9ajESmwe6WRO0tAzRUrRmNONWgkrew=="
    },
    "safe-buffer": {
      "version": "5.2.1",
      "resolved": "https://registry.npmjs.org/safe-buffer/-/safe-buffer-5.2.1.tgz",
      "integrity": "sha512-rp3So07KcdmmKbGvgaNxQSJr7bGVSVk5S9Eq1F+ppbRo70+YeaDxkw5Dd8NPN+GD6bjnYm2VuPuCXmpuYvmCXQ=="
    },
    "sax": {
      "version": "1.2.4",
      "resolved": "https://registry.npmjs.org/sax/-/sax-1.2.4.tgz",
      "integrity": "sha512-NqVDv9TpANUjFm0N8uM5GxL36UgKi9/atZw+x7YFnQ8ckwFGKrl4xX4yWtrey3UJm5nP1kUbnYgLopqWNSRhWw=="
    },
    "split2": {
      "version": "3.2.2",
      "resolved": "https://registry.npmjs.org/split2/-/split2-3.2.2.tgz",
      "integrity": "sha512-9NThjpgZnifTkJpzTZ7Eue85S49QwpNhZTq6GRJwObb6jnLFNGB7Qm73V5HewTROPyxD0C29xqmaI68bQtV+hg==",
      "requires": {
        "readable-stream": "^3.0.0"
      }
    },
    "string_decoder": {
      "version": "1.3.0",
      "resolved": "https://registry.npmjs.org/string_decoder/-/string_decoder-1.3.0.tgz",
      "integrity": "sha512-hkRX8U1WjJFd8LsDJ2yQ/wWWxaopEsABU1XfkM8A+j0+85JAGppt16cr1Whg6KIbb4okU6Mql6BOj+uup/wKeA==",
      "requires": {
        "safe-buffer": "~5.2.0"
      }
    },
    "timm": {
      "version": "1.7.1",
      "resolved": "https://registry.npmjs.org/timm/-/timm-1.7.1.tgz",
      "integrity": "sha512-IjZc9KIotudix8bMaBW6QvMuq64BrJWFs1+4V0lXwWGQZwH+LnX87doAYhem4caOEusRP9/g6jVDQmZ8XOk1nw=="
    },
    "tinycolor2": {
      "version": "1.4.2",
      "resolved": "https://registry.npmjs.org/tinycolor2/-/tinycolor2-1.4.2.tgz",
      "integrity": "sha512-vJhccZPs965sV/L2sU4oRQVAos0pQXwsvTLkWYdqJ+a8Q5kPFzJTuOFwy7UniPli44NKQGAglksjvOcpo95aZA=="
    },
    "tweetnacl": {
      "version": "1.0.3",
      "resolved": "https://registry.npmjs.org/tweetnacl/-/tweetnacl-1.0.3.tgz",
      "integrity": "sha512-6rt+RN7aOi1nGMyC4Xa5DdYiukl2UWCbcJft7YhxReBGQD7OAM8Pbxw6YMo4r2diNEA8FEmu32YOn9rhaiE5yw==",
      "optional": true
    },
    "url": {
      "version": "0.11.0",
      "resolved": "https://registry.npmjs.org/url/-/url-0.11.0.tgz",
      "integrity": "sha1-ODjpfPxgUh63PFJajlW/3Z4uKPE=",
      "requires": {
        "punycode": "1.3.2",
        "querystring": "0.2.0"
      }
    },
    "utif": {
      "version": "2.0.1",
      "resolved": "https://registry.npmjs.org/utif/-/utif-2.0.1.tgz",
      "integrity": "sha512-Z/S1fNKCicQTf375lIP9G8Sa1H/phcysstNrrSdZKj1f9g58J4NMgb5IgiEZN9/nLMPDwF0W7hdOe9Qq2IYoLg==",
      "requires": {
        "pako": "^1.0.5"
      }
    },
    "util-deprecate": {
      "version": "1.0.2",
      "resolved": "https://registry.npmjs.org/util-deprecate/-/util-deprecate-1.0.2.tgz",
      "integrity": "sha1-RQ1Nyfpw3nMnYvvS1KKJgUGaDM8="
    },
    "ws": {
      "version": "7.3.1",
      "resolved": "https://registry.npmjs.org/ws/-/ws-7.3.1.tgz",
      "integrity": "sha512-D3RuNkynyHmEJIpD2qrgVkc9DQ23OrN/moAwZX4L8DfvszsJxpjQuUq3LMx6HoYji9fbIOBY18XWBsAux1ZZUA=="
    },
    "xhr": {
      "version": "2.5.0",
      "resolved": "https://registry.npmjs.org/xhr/-/xhr-2.5.0.tgz",
      "integrity": "sha512-4nlO/14t3BNUZRXIXfXe+3N6w3s1KoxcJUUURctd64BLRe67E4gRwp4PjywtDY72fXpZ1y6Ch0VZQRY/gMPzzQ==",
      "requires": {
        "global": "~4.3.0",
        "is-function": "^1.0.1",
        "parse-headers": "^2.0.0",
        "xtend": "^4.0.0"
      }
    },
    "xml-parse-from-string": {
      "version": "1.0.1",
      "resolved": "https://registry.npmjs.org/xml-parse-from-string/-/xml-parse-from-string-1.0.1.tgz",
      "integrity": "sha1-qQKekp09vN7RafPG4oI42VpdWig="
    },
    "xml2js": {
      "version": "0.4.23",
      "resolved": "https://registry.npmjs.org/xml2js/-/xml2js-0.4.23.tgz",
      "integrity": "sha512-ySPiMjM0+pLDftHgXY4By0uswI3SPKLDw/i3UXbnO8M/p28zqexCUoPmQFrYD+/1BzhGJSs2i1ERWKJAtiLrug==",
      "requires": {
        "sax": ">=0.6.0",
        "xmlbuilder": "~11.0.0"
      }
    },
    "xmlbuilder": {
      "version": "11.0.1",
      "resolved": "https://registry.npmjs.org/xmlbuilder/-/xmlbuilder-11.0.1.tgz",
      "integrity": "sha512-fDlsI/kFEx7gLvbecc0/ohLG50fugQp8ryHzMTuW9vSa1GJ0XYWKnhsUx7oie3G98+r56aTQIUB4kht42R3JvA=="
    },
    "xtend": {
      "version": "4.0.2",
      "resolved": "https://registry.npmjs.org/xtend/-/xtend-4.0.2.tgz",
      "integrity": "sha512-LKYU1iAXJXUgAXn9URjiu+MWhyUXHsvfp7mcuYm9dSUKK0/CjtrUwFAxD82/mCWbtLsGjFIad0wIsod4zrTAEQ=="
    },
    "ytdl-core": {
      "version": "4.0.0",
      "resolved": "https://registry.npmjs.org/ytdl-core/-/ytdl-core-4.0.0.tgz",
      "integrity": "sha512-609PreLRioAJ9SbRyWZuIRetD6IumTanm3WiJyB4rOCN4r6H/u82P8fSIl9h/3jkjUvK2licyXoz9CLW2cAkhw==",
      "requires": {
        "html-entities": "^1.3.1",
        "m3u8stream": "^0.8.0",
        "miniget": "^2.0.1",
        "sax": "^1.1.3"
      }
    }
  }
}
